
Microsoft Visual Studio Solution File, Format Version 12.00
# Visual Studio Version 17
VisualStudioVersion = 17.5.33530.505
MinimumVisualStudioVersion = 10.0.40219.1
Project("{9A19103F-16F7-4668-BE54-9A1E7A4F7556}") = "Backend", "Backend\Backend.csproj", "{A3D5E8E9-568E-4EF5-BD52-92AB4BE42653}"
EndProject
Project("{FAE04EC0-301F-11D3-BF4B-00C04F79EFBC}") = "BackendTests", "BackendTests\BackendTests.csproj", "{2C7B43C6-AE6D-4E0D-A19C-7925E1A560D2}"
EndProject
Global
	GlobalSection(SolutionConfigurationPlatforms) = preSolution
		Debug|Any CPU = Debug|Any CPU
		Release|Any CPU = Release|Any CPU
	EndGlobalSection
	GlobalSection(ProjectConfigurationPlatforms) = postSolution
		{A3D5E8E9-568E-4EF5-BD52-92AB4BE42653}.Debug|Any CPU.ActiveCfg = Debug|Any CPU
		{A3D5E8E9-568E-4EF5-BD52-92AB4BE42653}.Debug|Any CPU.Build.0 = Debug|Any CPU
		{A3D5E8E9-568E-4EF5-BD52-92AB4BE42653}.Release|Any CPU.ActiveCfg = Release|Any CPU
		{A3D5E8E9-568E-4EF5-BD52-92AB4BE42653}.Release|Any CPU.Build.0 = Release|Any CPU
		{2C7B43C6-AE6D-4E0D-A19C-7925E1A560D2}.Debug|Any CPU.ActiveCfg = Debug|Any CPU
		{2C7B43C6-AE6D-4E0D-A19C-7925E1A560D2}.Debug|Any CPU.Build.0 = Debug|Any CPU
		{2C7B43C6-AE6D-4E0D-A19C-7925E1A560D2}.Release|Any CPU.ActiveCfg = Release|Any CPU
		{2C7B43C6-AE6D-4E0D-A19C-7925E1A560D2}.Release|Any CPU.Build.0 = Release|Any CPU
	EndGlobalSection
	GlobalSection(SolutionProperties) = preSolution
		HideSolutionNode = FALSE
	EndGlobalSection
	GlobalSection(ExtensibilityGlobals) = postSolution
		SolutionGuid = {5BFA3CD5-DA1C-415A-983B-DE20D42BD012}
	EndGlobalSection
EndGlobal
